
Microsoft Visual Studio Solution File, Format Version 12.00
# Visual Studio Version 16
VisualStudioVersion = 16.0.30907.101
MinimumVisualStudioVersion = 10.0.40219.1
Project("{FAE04EC0-301F-11D3-BF4B-00C04F79EFBC}") = "KursyWalutNBPWPFdotNet", "KursyWalutNBPWPFdotNet\KursyWalutNBPWPFdotNet.csproj", "{4937ADA6-0BEA-47CB-8B86-66814490E861}"
EndProject
Global
	GlobalSection(SolutionConfigurationPlatforms) = preSolution
		Debug|Any CPU = Debug|Any CPU
		Release|Any CPU = Release|Any CPU
	EndGlobalSection
	GlobalSection(ProjectConfigurationPlatforms) = postSolution
		{4937ADA6-0BEA-47CB-8B86-66814490E861}.Debug|Any CPU.ActiveCfg = Debug|Any CPU
		{4937ADA6-0BEA-47CB-8B86-66814490E861}.Debug|Any CPU.Build.0 = Debug|Any CPU
		{4937ADA6-0BEA-47CB-8B86-66814490E861}.Release|Any CPU.ActiveCfg = Release|Any CPU
		{4937ADA6-0BEA-47CB-8B86-66814490E861}.Release|Any CPU.Build.0 = Release|Any CPU
	EndGlobalSection
	GlobalSection(SolutionProperties) = preSolution
		HideSolutionNode = FALSE
	EndGlobalSection
	GlobalSection(ExtensibilityGlobals) = postSolution
		SolutionGuid = {72203B80-36FF-46CC-A0DB-98584DE06C1A}
	EndGlobalSection
EndGlobal
